
Microsoft Visual Studio Solution File, Format Version 12.00
# Visual Studio Version 17
VisualStudioVersion = 17.4.33213.308
MinimumVisualStudioVersion = 10.0.40219.1
Project("{9A19103F-16F7-4668-BE54-9A1E7A4F7556}") = "QuadraticEquation", "Services\ArchitectureAndDesignPatterns\QuadraticEquation.csproj", "{13FFBBCA-AF96-4D7B-800E-5607BEBC3970}"
EndProject
Project("{9A19103F-16F7-4668-BE54-9A1E7A4F7556}") = "QuadraticEquationTests", "Tests\QuadraticEquationTests\QuadraticEquationTests.csproj", "{C04E1AD5-D30E-451D-A596-68B80CBF8F09}"
EndProject
Project("{2150E333-8FDC-42A3-9474-1A3956D46DE8}") = "Services", "Services", "{C64C3A5B-2BF1-4C2F-9432-FC298ACB1EBB}"
EndProject
Project("{2150E333-8FDC-42A3-9474-1A3956D46DE8}") = "Tests", "Tests", "{302B4B6B-3A82-4F55-A08D-9F191A9757D7}"
EndProject
Global
	GlobalSection(SolutionConfigurationPlatforms) = preSolution
		Debug|Any CPU = Debug|Any CPU
		Release|Any CPU = Release|Any CPU
	EndGlobalSection
	GlobalSection(ProjectConfigurationPlatforms) = postSolution
		{13FFBBCA-AF96-4D7B-800E-5607BEBC3970}.Debug|Any CPU.ActiveCfg = Debug|Any CPU
		{13FFBBCA-AF96-4D7B-800E-5607BEBC3970}.Debug|Any CPU.Build.0 = Debug|Any CPU
		{13FFBBCA-AF96-4D7B-800E-5607BEBC3970}.Release|Any CPU.ActiveCfg = Release|Any CPU
		{13FFBBCA-AF96-4D7B-800E-5607BEBC3970}.Release|Any CPU.Build.0 = Release|Any CPU
		{C04E1AD5-D30E-451D-A596-68B80CBF8F09}.Debug|Any CPU.ActiveCfg = Debug|Any CPU
		{C04E1AD5-D30E-451D-A596-68B80CBF8F09}.Debug|Any CPU.Build.0 = Debug|Any CPU
		{C04E1AD5-D30E-451D-A596-68B80CBF8F09}.Release|Any CPU.ActiveCfg = Release|Any CPU
		{C04E1AD5-D30E-451D-A596-68B80CBF8F09}.Release|Any CPU.Build.0 = Release|Any CPU
	EndGlobalSection
	GlobalSection(SolutionProperties) = preSolution
		HideSolutionNode = FALSE
	EndGlobalSection
	GlobalSection(NestedProjects) = preSolution
		{13FFBBCA-AF96-4D7B-800E-5607BEBC3970} = {C64C3A5B-2BF1-4C2F-9432-FC298ACB1EBB}
		{C04E1AD5-D30E-451D-A596-68B80CBF8F09} = {302B4B6B-3A82-4F55-A08D-9F191A9757D7}
	EndGlobalSection
	GlobalSection(ExtensibilityGlobals) = postSolution
		SolutionGuid = {BABC917D-81BB-4B74-A6F9-510559E97CBB}
	EndGlobalSection
EndGlobal
